
Microsoft Visual Studio Solution File, Format Version 12.00
# Visual Studio Version 16
VisualStudioVersion = 16.0.29728.190
MinimumVisualStudioVersion = 10.0.40219.1
Project("{FAE04EC0-301F-11D3-BF4B-00C04F79EFBC}") = "TestString2Int", "TestString2Int\TestString2Int.csproj", "{553BDCF4-8BCF-48C4-A3CC-BAE6DC97956D}"
EndProject
Global
	GlobalSection(SolutionConfigurationPlatforms) = preSolution
		Debug|Any CPU = Debug|Any CPU
		Release|Any CPU = Release|Any CPU
	EndGlobalSection
	GlobalSection(ProjectConfigurationPlatforms) = postSolution
		{553BDCF4-8BCF-48C4-A3CC-BAE6DC97956D}.Debug|Any CPU.ActiveCfg = Debug|Any CPU
		{553BDCF4-8BCF-48C4-A3CC-BAE6DC97956D}.Debug|Any CPU.Build.0 = Debug|Any CPU
		{553BDCF4-8BCF-48C4-A3CC-BAE6DC97956D}.Release|Any CPU.ActiveCfg = Release|Any CPU
		{553BDCF4-8BCF-48C4-A3CC-BAE6DC97956D}.Release|Any CPU.Build.0 = Release|Any CPU
	EndGlobalSection
	GlobalSection(SolutionProperties) = preSolution
		HideSolutionNode = FALSE
	EndGlobalSection
	GlobalSection(ExtensibilityGlobals) = postSolution
		SolutionGuid = {3B9275F7-A33E-4DC2-839B-4A32C252DB6B}
	EndGlobalSection
EndGlobal
